<?xml version="1.0" encoding="utf-8"?>
<Project ToolsVersion="4.0" xmlns="http://schemas.microsoft.com/developer/msbuild/2003">
  <ItemGroup>
    <Filter Include="proto">
      <UniqueIdentifier>{bed46db9-421a-4e36-b76f-dcd46310b1af}</UniqueIdentifier>
    </Filter>
    <Filter Include="client">
      <UniqueIdentifier>{93995380-89BD-4b04-88EB-625FBE52EBFB}</UniqueIdentifier>
      <Extensions>h;hh;hpp;hxx;hm;inl;inc;ipp;xsd</Extensions>
    </Filter>
    <Filter Include="client\resource">
      <UniqueIdentifier>{67DA6AB6-F800-4c08-8B7A-83BB121AAD01}</UniqueIdentifier>
      <Extensions>rc;ico;cur;bmp;dlg;rc2;rct;bin;rgs;gif;jpg;jpeg;jpe;resx;tiff;tif;png;wav;mfcribbon-ms</Extensions>
    </Filter>
  </ItemGroup>
  <ItemGroup>
    <ClInclude Include="framework.h">
      <Filter>client</Filter>
    </ClInclude>
    <ClInclude Include="targetver.h">
      <Filter>client</Filter>
    </ClInclude>
    <ClInclude Include="Resource.h">
      <Filter>client</Filter>
    </ClInclude>
    <ClInclude Include="rpc.h">
      <Filter>client</Filter>
    </ClInclude>
    <ClInclude Include="protos\client.pb.h">
      <Filter>proto</Filter>
    </ClInclude>
    <ClInclude Include="protos\client.grpc.pb.h">
      <Filter>proto</Filter>
    </ClInclude>
  </ItemGroup>
  <ItemGroup>
    <ResourceCompile Include="rpc.rc">
      <Filter>client\resource</Filter>
    </ResourceCompile>
  </ItemGroup>
  <ItemGroup>
    <Image Include="small.ico">
      <Filter>client\resource</Filter>
    </Image>
    <Image Include="rpc.ico">
      <Filter>client\resource</Filter>
    </Image>
  </ItemGroup>
  <ItemGroup>
    <ClCompile Include="rpc.cpp">
      <Filter>client</Filter>
    </ClCompile>
    <ClCompile Include="protos\client.pb.cc">
      <Filter>proto</Filter>
    </ClCompile>
    <ClCompile Include="protos\client.grpc.pb.cc">
      <Filter>proto</Filter>
    </ClCompile>
  </ItemGroup>
</Project>