
Microsoft Visual Studio Solution File, Format Version 12.00
# Visual Studio Version 16
VisualStudioVersion = 16.0.28902.138
MinimumVisualStudioVersion = 10.0.40219.1
Project("{8BC9CEB8-8B4A-11D0-8D11-00A0C91BC942}") = "client", "rpc.vcxproj", "{9E25F9A4-71DA-4132-9664-3FD219289C1D}"
EndProject
Project("{8BC9CEB8-8B4A-11D0-8D11-00A0C91BC942}") = "server", "server.vcxproj", "{1B8FFE11-BB64-4E02-9612-B8874EED9B31}"
EndProject
Global
	GlobalSection(SolutionConfigurationPlatforms) = preSolution
		Debug|x64 = Debug|x64
		Debug|x86 = Debug|x86
		Release|x64 = Release|x64
		Release|x86 = Release|x86
	EndGlobalSection
	GlobalSection(ProjectConfigurationPlatforms) = postSolution
		{9E25F9A4-71DA-4132-9664-3FD219289C1D}.Debug|x64.ActiveCfg = Debug|x64
		{9E25F9A4-71DA-4132-9664-3FD219289C1D}.Debug|x64.Build.0 = Debug|x64
		{9E25F9A4-71DA-4132-9664-3FD219289C1D}.Debug|x86.ActiveCfg = Debug|Win32
		{9E25F9A4-71DA-4132-9664-3FD219289C1D}.Debug|x86.Build.0 = Debug|Win32
		{9E25F9A4-71DA-4132-9664-3FD219289C1D}.Release|x64.ActiveCfg = Release|Win32
		{9E25F9A4-71DA-4132-9664-3FD219289C1D}.Release|x64.Build.0 = Release|Win32
		{9E25F9A4-71DA-4132-9664-3FD219289C1D}.Release|x86.ActiveCfg = Release|Win32
		{9E25F9A4-71DA-4132-9664-3FD219289C1D}.Release|x86.Build.0 = Release|Win32
		{1B8FFE11-BB64-4E02-9612-B8874EED9B31}.Debug|x64.ActiveCfg = Debug|x64
		{1B8FFE11-BB64-4E02-9612-B8874EED9B31}.Debug|x64.Build.0 = Debug|x64
		{1B8FFE11-BB64-4E02-9612-B8874EED9B31}.Debug|x86.ActiveCfg = Debug|Win32
		{1B8FFE11-BB64-4E02-9612-B8874EED9B31}.Debug|x86.Build.0 = Debug|Win32
		{1B8FFE11-BB64-4E02-9612-B8874EED9B31}.Release|x64.ActiveCfg = Release|x64
		{1B8FFE11-BB64-4E02-9612-B8874EED9B31}.Release|x64.Build.0 = Release|x64
		{1B8FFE11-BB64-4E02-9612-B8874EED9B31}.Release|x86.ActiveCfg = Release|Win32
		{1B8FFE11-BB64-4E02-9612-B8874EED9B31}.Release|x86.Build.0 = Release|Win32
	EndGlobalSection
	GlobalSection(SolutionProperties) = preSolution
		HideSolutionNode = FALSE
	EndGlobalSection
	GlobalSection(ExtensibilityGlobals) = postSolution
		SolutionGuid = {CFC732BD-1A5B-488F-9A8C-B8381A6BF5A1}
	EndGlobalSection
EndGlobal
